
Microsoft Visual Studio Solution File, Format Version 12.00
# Visual Studio 15
Project("{FAE04EC0-301F-11D3-BF4B-00C04F79EFBC}") = "TurnipTracker.Android", "TurnipTracker.Android\TurnipTracker.Android.csproj", "{39EB0085-1A19-449A-B72D-B6FD7E021465}"
EndProject
Project("{FAE04EC0-301F-11D3-BF4B-00C04F79EFBC}") = "TurnipTracker.iOS", "TurnipTracker.iOS\TurnipTracker.iOS.csproj", "{7426E5F7-BD2E-4418-B9F2-989A83810117}"
EndProject
Project("{FAE04EC0-301F-11D3-BF4B-00C04F79EFBC}") = "TurnipTracker", "TurnipTracker\TurnipTracker.csproj", "{9812FFA2-FCBD-4425-9B76-1E8701DB92CA}"
EndProject
Global
	GlobalSection(SolutionConfigurationPlatforms) = preSolution
		Debug|Any CPU = Debug|Any CPU
		Release|Any CPU = Release|Any CPU
		Debug|iPhoneSimulator = Debug|iPhoneSimulator
		Release|iPhoneSimulator = Release|iPhoneSimulator
		Debug|iPhone = Debug|iPhone
		Release|iPhone = Release|iPhone
	EndGlobalSection
	GlobalSection(ProjectConfigurationPlatforms) = postSolution
		{39EB0085-1A19-449A-B72D-B6FD7E021465}.Debug|Any CPU.ActiveCfg = Debug|Any CPU
		{39EB0085-1A19-449A-B72D-B6FD7E021465}.Debug|Any CPU.Build.0 = Debug|Any CPU
		{39EB0085-1A19-449A-B72D-B6FD7E021465}.Release|Any CPU.ActiveCfg = Release|Any CPU
		{39EB0085-1A19-449A-B72D-B6FD7E021465}.Release|Any CPU.Build.0 = Release|Any CPU
		{39EB0085-1A19-449A-B72D-B6FD7E021465}.Debug|iPhoneSimulator.ActiveCfg = Debug|Any CPU
		{39EB0085-1A19-449A-B72D-B6FD7E021465}.Debug|iPhoneSimulator.Build.0 = Debug|Any CPU
		{39EB0085-1A19-449A-B72D-B6FD7E021465}.Release|iPhoneSimulator.ActiveCfg = Release|Any CPU
		{39EB0085-1A19-449A-B72D-B6FD7E021465}.Release|iPhoneSimulator.Build.0 = Release|Any CPU
		{39EB0085-1A19-449A-B72D-B6FD7E021465}.Debug|iPhone.ActiveCfg = Debug|Any CPU
		{39EB0085-1A19-449A-B72D-B6FD7E021465}.Debug|iPhone.Build.0 = Debug|Any CPU
		{39EB0085-1A19-449A-B72D-B6FD7E021465}.Release|iPhone.ActiveCfg = Release|Any CPU
		{39EB0085-1A19-449A-B72D-B6FD7E021465}.Release|iPhone.Build.0 = Release|Any CPU
		{7426E5F7-BD2E-4418-B9F2-989A83810117}.Debug|Any CPU.ActiveCfg = Debug|iPhoneSimulator
		{7426E5F7-BD2E-4418-B9F2-989A83810117}.Debug|Any CPU.Build.0 = Debug|iPhoneSimulator
		{7426E5F7-BD2E-4418-B9F2-989A83810117}.Release|Any CPU.ActiveCfg = Release|iPhoneSimulator
		{7426E5F7-BD2E-4418-B9F2-989A83810117}.Release|Any CPU.Build.0 = Release|iPhoneSimulator
		{7426E5F7-BD2E-4418-B9F2-989A83810117}.Debug|iPhoneSimulator.ActiveCfg = Debug|iPhoneSimulator
		{7426E5F7-BD2E-4418-B9F2-989A83810117}.Debug|iPhoneSimulator.Build.0 = Debug|iPhoneSimulator
		{7426E5F7-BD2E-4418-B9F2-989A83810117}.Release|iPhoneSimulator.ActiveCfg = Release|iPhoneSimulator
		{7426E5F7-BD2E-4418-B9F2-989A83810117}.Release|iPhoneSimulator.Build.0 = Release|iPhoneSimulator
		{7426E5F7-BD2E-4418-B9F2-989A83810117}.Debug|iPhone.ActiveCfg = Debug|iPhone
		{7426E5F7-BD2E-4418-B9F2-989A83810117}.Debug|iPhone.Build.0 = Debug|iPhone
		{7426E5F7-BD2E-4418-B9F2-989A83810117}.Release|iPhone.ActiveCfg = Release|iPhone
		{7426E5F7-BD2E-4418-B9F2-989A83810117}.Release|iPhone.Build.0 = Release|iPhone
		{9812FFA2-FCBD-4425-9B76-1E8701DB92CA}.Debug|Any CPU.ActiveCfg = Debug|Any CPU
		{9812FFA2-FCBD-4425-9B76-1E8701DB92CA}.Debug|Any CPU.Build.0 = Debug|Any CPU
		{9812FFA2-FCBD-4425-9B76-1E8701DB92CA}.Release|Any CPU.ActiveCfg = Release|Any CPU
		{9812FFA2-FCBD-4425-9B76-1E8701DB92CA}.Release|Any CPU.Build.0 = Release|Any CPU
		{9812FFA2-FCBD-4425-9B76-1E8701DB92CA}.Debug|iPhoneSimulator.ActiveCfg = Debug|Any CPU
		{9812FFA2-FCBD-4425-9B76-1E8701DB92CA}.Debug|iPhoneSimulator.Build.0 = Debug|Any CPU
		{9812FFA2-FCBD-4425-9B76-1E8701DB92CA}.Release|iPhoneSimulator.ActiveCfg = Release|Any CPU
		{9812FFA2-FCBD-4425-9B76-1E8701DB92CA}.Release|iPhoneSimulator.Build.0 = Release|Any CPU
		{9812FFA2-FCBD-4425-9B76-1E8701DB92CA}.Debug|iPhone.ActiveCfg = Debug|Any CPU
		{9812FFA2-FCBD-4425-9B76-1E8701DB92CA}.Debug|iPhone.Build.0 = Debug|Any CPU
		{9812FFA2-FCBD-4425-9B76-1E8701DB92CA}.Release|iPhone.ActiveCfg = Release|Any CPU
		{9812FFA2-FCBD-4425-9B76-1E8701DB92CA}.Release|iPhone.Build.0 = Release|Any CPU
	EndGlobalSection
EndGlobal
